// !$*UTF8*$!
{
	archiveVersion = 1;
	classes = {
	};
	objectVersion = 56;
	objects = {

/* Begin PBXBuildFile section */
		8F6F1D4569D93F6E03586515 /* Pods_Retrospect.framework in Frameworks */ = {isa = PBXBuildFile; fileRef = 7A092036390B9E01B7E1A5EA /* Pods_Retrospect.framework */; };
		943200A837878C67806FFE75 /* Pods_RetrospectTests.framework in Frameworks */ = {isa = PBXBuildFile; fileRef = E100C6EF4A9DFE4CDCFAE36C /* Pods_RetrospectTests.framework */; };
		9D0696632C03FBA800AB1098 /* SpotifyAPI in Frameworks */ = {isa = PBXBuildFile; productRef = 9D0696622C03FBA800AB1098 /* SpotifyAPI */; };
		9D0696652C040F9600AB1098 /* SpotifyManager.swift in Sources */ = {isa = PBXBuildFile; fileRef = 9D0696642C040F9600AB1098 /* SpotifyManager.swift */; };
		9D0696672C04122D00AB1098 /* PhotoSelect.swift in Sources */ = {isa = PBXBuildFile; fileRef = 9D0696662C04122D00AB1098 /* PhotoSelect.swift */; };
		9DEA74F42BFFF9470027AB4A /* RetrospectApp.swift in Sources */ = {isa = PBXBuildFile; fileRef = 9DEA74F32BFFF9470027AB4A /* RetrospectApp.swift */; };
		9DEA74F82BFFF9490027AB4A /* Assets.xcassets in Resources */ = {isa = PBXBuildFile; fileRef = 9DEA74F72BFFF9490027AB4A /* Assets.xcassets */; };
		9DEA74FB2BFFF9490027AB4A /* Preview Assets.xcassets in Resources */ = {isa = PBXBuildFile; fileRef = 9DEA74FA2BFFF9490027AB4A /* Preview Assets.xcassets */; };
		9DEA75052BFFF9490027AB4A /* RetrospectTests.swift in Sources */ = {isa = PBXBuildFile; fileRef = 9DEA75042BFFF9490027AB4A /* RetrospectTests.swift */; };
		9DEA750F2BFFF9490027AB4A /* RetrospectUITests.swift in Sources */ = {isa = PBXBuildFile; fileRef = 9DEA750E2BFFF9490027AB4A /* RetrospectUITests.swift */; };
		9DEA75112BFFF9490027AB4A /* RetrospectUITestsLaunchTests.swift in Sources */ = {isa = PBXBuildFile; fileRef = 9DEA75102BFFF9490027AB4A /* RetrospectUITestsLaunchTests.swift */; };
		9DEA751E2C00E87A0027AB4A /* Collab.swift in Sources */ = {isa = PBXBuildFile; fileRef = 9DEA751D2C00E87A0027AB4A /* Collab.swift */; };
		9DEA75202C00E8CA0027AB4A /* IconSelect.swift in Sources */ = {isa = PBXBuildFile; fileRef = 9DEA751F2C00E8CA0027AB4A /* IconSelect.swift */; };
		9DEA75222C00EC260027AB4A /* Capsule.swift in Sources */ = {isa = PBXBuildFile; fileRef = 9DEA75212C00EC260027AB4A /* Capsule.swift */; };
		9DEA75242C0171470027AB4A /* SongSelect.swift in Sources */ = {isa = PBXBuildFile; fileRef = 9DEA75232C0171470027AB4A /* SongSelect.swift */; };
		FB2E2D9B0031A4CD2034FCBB /* Pods_Retrospect_RetrospectUITests.framework in Frameworks */ = {isa = PBXBuildFile; fileRef = F0EEB07D32392C1EFF3945E4 /* Pods_Retrospect_RetrospectUITests.framework */; };
/* End PBXBuildFile section */

/* Begin PBXContainerItemProxy section */
		9DEA75012BFFF9490027AB4A /* PBXContainerItemProxy */ = {
			isa = PBXContainerItemProxy;
			containerPortal = 9DEA74E82BFFF9470027AB4A /* Project object */;
			proxyType = 1;
			remoteGlobalIDString = 9DEA74EF2BFFF9470027AB4A;
			remoteInfo = Retrospect;
		};
		9DEA750B2BFFF9490027AB4A /* PBXContainerItemProxy */ = {
			isa = PBXContainerItemProxy;
			containerPortal = 9DEA74E82BFFF9470027AB4A /* Project object */;
			proxyType = 1;
			remoteGlobalIDString = 9DEA74EF2BFFF9470027AB4A;
			remoteInfo = Retrospect;
		};
/* End PBXContainerItemProxy section */

/* Begin PBXFileReference section */
		0583960E05FCB231483406D9 /* Pods-Retrospect.release.xcconfig */ = {isa = PBXFileReference; includeInIndex = 1; lastKnownFileType = text.xcconfig; name = "Pods-Retrospect.release.xcconfig"; path = "Target Support Files/Pods-Retrospect/Pods-Retrospect.release.xcconfig"; sourceTree = "<group>"; };
		5E842693AE67BD5FC7141D19 /* Pods-RetrospectTests.debug.xcconfig */ = {isa = PBXFileReference; includeInIndex = 1; lastKnownFileType = text.xcconfig; name = "Pods-RetrospectTests.debug.xcconfig"; path = "Target Support Files/Pods-RetrospectTests/Pods-RetrospectTests.debug.xcconfig"; sourceTree = "<group>"; };
		7A092036390B9E01B7E1A5EA /* Pods_Retrospect.framework */ = {isa = PBXFileReference; explicitFileType = wrapper.framework; includeInIndex = 0; path = Pods_Retrospect.framework; sourceTree = BUILT_PRODUCTS_DIR; };
		7E6CCDBE41B78BF4C5DD3A1B /* Pods-RetrospectTests.release.xcconfig */ = {isa = PBXFileReference; includeInIndex = 1; lastKnownFileType = text.xcconfig; name = "Pods-RetrospectTests.release.xcconfig"; path = "Target Support Files/Pods-RetrospectTests/Pods-RetrospectTests.release.xcconfig"; sourceTree = "<group>"; };
		9398C53C691401933E04ABCE /* Pods-Retrospect-RetrospectUITests.release.xcconfig */ = {isa = PBXFileReference; includeInIndex = 1; lastKnownFileType = text.xcconfig; name = "Pods-Retrospect-RetrospectUITests.release.xcconfig"; path = "Target Support Files/Pods-Retrospect-RetrospectUITests/Pods-Retrospect-RetrospectUITests.release.xcconfig"; sourceTree = "<group>"; };
		9D0696642C040F9600AB1098 /* SpotifyManager.swift */ = {isa = PBXFileReference; lastKnownFileType = sourcecode.swift; path = SpotifyManager.swift; sourceTree = "<group>"; };
		9D0696662C04122D00AB1098 /* PhotoSelect.swift */ = {isa = PBXFileReference; lastKnownFileType = sourcecode.swift; path = PhotoSelect.swift; sourceTree = "<group>"; };
		9DEA74F02BFFF9470027AB4A /* Retrospect.app */ = {isa = PBXFileReference; explicitFileType = wrapper.application; includeInIndex = 0; path = Retrospect.app; sourceTree = BUILT_PRODUCTS_DIR; };
		9DEA74F32BFFF9470027AB4A /* RetrospectApp.swift */ = {isa = PBXFileReference; lastKnownFileType = sourcecode.swift; path = RetrospectApp.swift; sourceTree = "<group>"; };
		9DEA74F72BFFF9490027AB4A /* Assets.xcassets */ = {isa = PBXFileReference; lastKnownFileType = folder.assetcatalog; path = Assets.xcassets; sourceTree = "<group>"; };
		9DEA74FA2BFFF9490027AB4A /* Preview Assets.xcassets */ = {isa = PBXFileReference; lastKnownFileType = folder.assetcatalog; path = "Preview Assets.xcassets"; sourceTree = "<group>"; };
		9DEA75002BFFF9490027AB4A /* RetrospectTests.xctest */ = {isa = PBXFileReference; explicitFileType = wrapper.cfbundle; includeInIndex = 0; path = RetrospectTests.xctest; sourceTree = BUILT_PRODUCTS_DIR; };
		9DEA75042BFFF9490027AB4A /* RetrospectTests.swift */ = {isa = PBXFileReference; lastKnownFileType = sourcecode.swift; path = RetrospectTests.swift; sourceTree = "<group>"; };
		9DEA750A2BFFF9490027AB4A /* RetrospectUITests.xctest */ = {isa = PBXFileReference; explicitFileType = wrapper.cfbundle; includeInIndex = 0; path = RetrospectUITests.xctest; sourceTree = BUILT_PRODUCTS_DIR; };
		9DEA750E2BFFF9490027AB4A /* RetrospectUITests.swift */ = {isa = PBXFileReference; lastKnownFileType = sourcecode.swift; path = RetrospectUITests.swift; sourceTree = "<group>"; };
		9DEA75102BFFF9490027AB4A /* RetrospectUITestsLaunchTests.swift */ = {isa = PBXFileReference; lastKnownFileType = sourcecode.swift; path = RetrospectUITestsLaunchTests.swift; sourceTree = "<group>"; };
		9DEA751D2C00E87A0027AB4A /* Collab.swift */ = {isa = PBXFileReference; lastKnownFileType = sourcecode.swift; path = Collab.swift; sourceTree = "<group>"; };
		9DEA751F2C00E8CA0027AB4A /* IconSelect.swift */ = {isa = PBXFileReference; lastKnownFileType = sourcecode.swift; path = IconSelect.swift; sourceTree = "<group>"; };
		9DEA75212C00EC260027AB4A /* Capsule.swift */ = {isa = PBXFileReference; lastKnownFileType = sourcecode.swift; path = Capsule.swift; sourceTree = "<group>"; };
		9DEA75232C0171470027AB4A /* SongSelect.swift */ = {isa = PBXFileReference; lastKnownFileType = sourcecode.swift; path = SongSelect.swift; sourceTree = "<group>"; };
		E100C6EF4A9DFE4CDCFAE36C /* Pods_RetrospectTests.framework */ = {isa = PBXFileReference; explicitFileType = wrapper.framework; includeInIndex = 0; path = Pods_RetrospectTests.framework; sourceTree = BUILT_PRODUCTS_DIR; };
		EF90D033CB818D3BED07713C /* Pods-Retrospect.debug.xcconfig */ = {isa = PBXFileReference; includeInIndex = 1; lastKnownFileType = text.xcconfig; name = "Pods-Retrospect.debug.xcconfig"; path = "Target Support Files/Pods-Retrospect/Pods-Retrospect.debug.xcconfig"; sourceTree = "<group>"; };
		F0EEB07D32392C1EFF3945E4 /* Pods_Retrospect_RetrospectUITests.framework */ = {isa = PBXFileReference; explicitFileType = wrapper.framework; includeInIndex = 0; path = Pods_Retrospect_RetrospectUITests.framework; sourceTree = BUILT_PRODUCTS_DIR; };
		F330EAF9F15CC79075C10147 /* Pods-Retrospect-RetrospectUITests.debug.xcconfig */ = {isa = PBXFileReference; includeInIndex = 1; lastKnownFileType = text.xcconfig; name = "Pods-Retrospect-RetrospectUITests.debug.xcconfig"; path = "Target Support Files/Pods-Retrospect-RetrospectUITests/Pods-Retrospect-RetrospectUITests.debug.xcconfig"; sourceTree = "<group>"; };
/* End PBXFileReference section */

/* Begin PBXFrameworksBuildPhase section */
		9DEA74ED2BFFF9470027AB4A /* Frameworks */ = {
			isa = PBXFrameworksBuildPhase;
			buildActionMask = 2147483647;
			files = (
				9D0696632C03FBA800AB1098 /* SpotifyAPI in Frameworks */,
				8F6F1D4569D93F6E03586515 /* Pods_Retrospect.framework in Frameworks */,
			);
			runOnlyForDeploymentPostprocessing = 0;
		};
		9DEA74FD2BFFF9490027AB4A /* Frameworks */ = {
			isa = PBXFrameworksBuildPhase;
			buildActionMask = 2147483647;
			files = (
				943200A837878C67806FFE75 /* Pods_RetrospectTests.framework in Frameworks */,
			);
			runOnlyForDeploymentPostprocessing = 0;
		};
		9DEA75072BFFF9490027AB4A /* Frameworks */ = {
			isa = PBXFrameworksBuildPhase;
			buildActionMask = 2147483647;
			files = (
				FB2E2D9B0031A4CD2034FCBB /* Pods_Retrospect_RetrospectUITests.framework in Frameworks */,
			);
			runOnlyForDeploymentPostprocessing = 0;
		};
/* End PBXFrameworksBuildPhase section */

/* Begin PBXGroup section */
		29B1ACAC57627336441F40E1 /* Frameworks */ = {
			isa = PBXGroup;
			children = (
				7A092036390B9E01B7E1A5EA /* Pods_Retrospect.framework */,
				F0EEB07D32392C1EFF3945E4 /* Pods_Retrospect_RetrospectUITests.framework */,
				E100C6EF4A9DFE4CDCFAE36C /* Pods_RetrospectTests.framework */,
			);
			name = Frameworks;
			sourceTree = "<group>";
		};
		862A0EBE036C8F7EAFF59078 /* Pods */ = {
			isa = PBXGroup;
			children = (
				EF90D033CB818D3BED07713C /* Pods-Retrospect.debug.xcconfig */,
				0583960E05FCB231483406D9 /* Pods-Retrospect.release.xcconfig */,
				F330EAF9F15CC79075C10147 /* Pods-Retrospect-RetrospectUITests.debug.xcconfig */,
				9398C53C691401933E04ABCE /* Pods-Retrospect-RetrospectUITests.release.xcconfig */,
				5E842693AE67BD5FC7141D19 /* Pods-RetrospectTests.debug.xcconfig */,
				7E6CCDBE41B78BF4C5DD3A1B /* Pods-RetrospectTests.release.xcconfig */,
			);
			path = Pods;
			sourceTree = "<group>";
		};
		9DEA74E72BFFF9470027AB4A = {
			isa = PBXGroup;
			children = (
				9DEA74F22BFFF9470027AB4A /* Retrospect */,
				9DEA75032BFFF9490027AB4A /* RetrospectTests */,
				9DEA750D2BFFF9490027AB4A /* RetrospectUITests */,
				9DEA74F12BFFF9470027AB4A /* Products */,
				862A0EBE036C8F7EAFF59078 /* Pods */,
				29B1ACAC57627336441F40E1 /* Frameworks */,
			);
			sourceTree = "<group>";
		};
		9DEA74F12BFFF9470027AB4A /* Products */ = {
			isa = PBXGroup;
			children = (
				9DEA74F02BFFF9470027AB4A /* Retrospect.app */,
				9DEA75002BFFF9490027AB4A /* RetrospectTests.xctest */,
				9DEA750A2BFFF9490027AB4A /* RetrospectUITests.xctest */,
			);
			name = Products;
			sourceTree = "<group>";
		};
		9DEA74F22BFFF9470027AB4A /* Retrospect */ = {
			isa = PBXGroup;
			children = (
				9DEA74F32BFFF9470027AB4A /* RetrospectApp.swift */,
				9DEA75212C00EC260027AB4A /* Capsule.swift */,
				9DEA751F2C00E8CA0027AB4A /* IconSelect.swift */,
				9DEA751D2C00E87A0027AB4A /* Collab.swift */,
				9DEA75232C0171470027AB4A /* SongSelect.swift */,
				9D0696642C040F9600AB1098 /* SpotifyManager.swift */,
				9DEA74F72BFFF9490027AB4A /* Assets.xcassets */,
				9DEA74F92BFFF9490027AB4A /* Preview Content */,
				9D0696662C04122D00AB1098 /* PhotoSelect.swift */,
			);
			path = Retrospect;
			sourceTree = "<group>";
		};
		9DEA74F92BFFF9490027AB4A /* Preview Content */ = {
			isa = PBXGroup;
			children = (
				9DEA74FA2BFFF9490027AB4A /* Preview Assets.xcassets */,
			);
			path = "Preview Content";
			sourceTree = "<group>";
		};
		9DEA75032BFFF9490027AB4A /* RetrospectTests */ = {
			isa = PBXGroup;
			children = (
				9DEA75042BFFF9490027AB4A /* RetrospectTests.swift */,
			);
			path = RetrospectTests;
			sourceTree = "<group>";
		};
		9DEA750D2BFFF9490027AB4A /* RetrospectUITests */ = {
			isa = PBXGroup;
			children = (
				9DEA750E2BFFF9490027AB4A /* RetrospectUITests.swift */,
				9DEA75102BFFF9490027AB4A /* RetrospectUITestsLaunchTests.swift */,
			);
			path = RetrospectUITests;
			sourceTree = "<group>";
		};
/* End PBXGroup section */

/* Begin PBXNativeTarget section */
		9DEA74EF2BFFF9470027AB4A /* Retrospect */ = {
			isa = PBXNativeTarget;
			buildConfigurationList = 9DEA75142BFFF9490027AB4A /* Build configuration list for PBXNativeTarget "Retrospect" */;
			buildPhases = (
				FA9399865F2EC957B3A98783 /* [CP] Check Pods Manifest.lock */,
				9DEA74EC2BFFF9470027AB4A /* Sources */,
				9DEA74ED2BFFF9470027AB4A /* Frameworks */,
				9DEA74EE2BFFF9470027AB4A /* Resources */,
			);
			buildRules = (
			);
			dependencies = (
			);
			name = Retrospect;
			packageProductDependencies = (
				9D0696622C03FBA800AB1098 /* SpotifyAPI */,
			);
			productName = Retrospect;
			productReference = 9DEA74F02BFFF9470027AB4A /* Retrospect.app */;
			productType = "com.apple.product-type.application";
		};
		9DEA74FF2BFFF9490027AB4A /* RetrospectTests */ = {
			isa = PBXNativeTarget;
			buildConfigurationList = 9DEA75172BFFF9490027AB4A /* Build configuration list for PBXNativeTarget "RetrospectTests" */;
			buildPhases = (
				E055126527451C704DDFCD2C /* [CP] Check Pods Manifest.lock */,
				9DEA74FC2BFFF9490027AB4A /* Sources */,
				9DEA74FD2BFFF9490027AB4A /* Frameworks */,
				9DEA74FE2BFFF9490027AB4A /* Resources */,
			);
			buildRules = (
			);
			dependencies = (
				9DEA75022BFFF9490027AB4A /* PBXTargetDependency */,
			);
			name = RetrospectTests;
			productName = RetrospectTests;
			productReference = 9DEA75002BFFF9490027AB4A /* RetrospectTests.xctest */;
			productType = "com.apple.product-type.bundle.unit-test";
		};
		9DEA75092BFFF9490027AB4A /* RetrospectUITests */ = {
			isa = PBXNativeTarget;
			buildConfigurationList = 9DEA751A2BFFF9490027AB4A /* Build configuration list for PBXNativeTarget "RetrospectUITests" */;
			buildPhases = (
				3C4BC46E249DDCB0BBB1869E /* [CP] Check Pods Manifest.lock */,
				9DEA75062BFFF9490027AB4A /* Sources */,
				9DEA75072BFFF9490027AB4A /* Frameworks */,
				9DEA75082BFFF9490027AB4A /* Resources */,
			);
			buildRules = (
			);
			dependencies = (
				9DEA750C2BFFF9490027AB4A /* PBXTargetDependency */,
			);
			name = RetrospectUITests;
			productName = RetrospectUITests;
			productReference = 9DEA750A2BFFF9490027AB4A /* RetrospectUITests.xctest */;
			productType = "com.apple.product-type.bundle.ui-testing";
		};
/* End PBXNativeTarget section */

/* Begin PBXProject section */
		9DEA74E82BFFF9470027AB4A /* Project object */ = {
			isa = PBXProject;
			attributes = {
				BuildIndependentTargetsInParallel = 1;
				LastSwiftUpdateCheck = 1510;
				LastUpgradeCheck = 1510;
				TargetAttributes = {
					9DEA74EF2BFFF9470027AB4A = {
						CreatedOnToolsVersion = 15.1;
					};
					9DEA74FF2BFFF9490027AB4A = {
						CreatedOnToolsVersion = 15.1;
						TestTargetID = 9DEA74EF2BFFF9470027AB4A;
					};
					9DEA75092BFFF9490027AB4A = {
						CreatedOnToolsVersion = 15.1;
						TestTargetID = 9DEA74EF2BFFF9470027AB4A;
					};
				};
			};
			buildConfigurationList = 9DEA74EB2BFFF9470027AB4A /* Build configuration list for PBXProject "Retrospect" */;
			compatibilityVersion = "Xcode 14.0";
			developmentRegion = en;
			hasScannedForEncodings = 0;
			knownRegions = (
				en,
				Base,
			);
			mainGroup = 9DEA74E72BFFF9470027AB4A;
			packageReferences = (
				9D0696612C03FBA800AB1098 /* XCRemoteSwiftPackageReference "SpotifyAPI" */,
			);
			productRefGroup = 9DEA74F12BFFF9470027AB4A /* Products */;
			projectDirPath = "";
			projectRoot = "";
			targets = (
				9DEA74EF2BFFF9470027AB4A /* Retrospect */,
				9DEA74FF2BFFF9490027AB4A /* RetrospectTests */,
				9DEA75092BFFF9490027AB4A /* RetrospectUITests */,
			);
		};
/* End PBXProject section */

/* Begin PBXResourcesBuildPhase section */
		9DEA74EE2BFFF9470027AB4A /* Resources */ = {
			isa = PBXResourcesBuildPhase;
			buildActionMask = 2147483647;
			files = (
				9DEA74FB2BFFF9490027AB4A /* Preview Assets.xcassets in Resources */,
				9DEA74F82BFFF9490027AB4A /* Assets.xcassets in Resources */,
			);
			runOnlyForDeploymentPostprocessing = 0;
		};
		9DEA74FE2BFFF9490027AB4A /* Resources */ = {
			isa = PBXResourcesBuildPhase;
			buildActionMask = 2147483647;
			files = (
			);
			runOnlyForDeploymentPostprocessing = 0;
		};
		9DEA75082BFFF9490027AB4A /* Resources */ = {
			isa = PBXResourcesBuildPhase;
			buildActionMask = 2147483647;
			files = (
			);
			runOnlyForDeploymentPostprocessing = 0;
		};
/* End PBXResourcesBuildPhase section */

/* Begin PBXShellScriptBuildPhase section */
		3C4BC46E249DDCB0BBB1869E /* [CP] Check Pods Manifest.lock */ = {
			isa = PBXShellScriptBuildPhase;
			buildActionMask = 2147483647;
			files = (
			);
			inputFileListPaths = (
			);
			inputPaths = (
				"${PODS_PODFILE_DIR_PATH}/Podfile.lock",
				"${PODS_ROOT}/Manifest.lock",
			);
			name = "[CP] Check Pods Manifest.lock";
			outputFileListPaths = (
			);
			outputPaths = (
				"$(DERIVED_FILE_DIR)/Pods-Retrospect-RetrospectUITests-checkManifestLockResult.txt",
			);
			runOnlyForDeploymentPostprocessing = 0;
			shellPath = /bin/sh;
			shellScript = "diff \"${PODS_PODFILE_DIR_PATH}/Podfile.lock\" \"${PODS_ROOT}/Manifest.lock\" > /dev/null\nif [ $? != 0 ] ; then\n    # print error to STDERR\n    echo \"error: The sandbox is not in sync with the Podfile.lock. Run 'pod install' or update your CocoaPods installation.\" >&2\n    exit 1\nfi\n# This output is used by Xcode 'outputs' to avoid re-running this script phase.\necho \"SUCCESS\" > \"${SCRIPT_OUTPUT_FILE_0}\"\n";
			showEnvVarsInLog = 0;
		};
		E055126527451C704DDFCD2C /* [CP] Check Pods Manifest.lock */ = {
			isa = PBXShellScriptBuildPhase;
			buildActionMask = 2147483647;
			files = (
			);
			inputFileListPaths = (
			);
			inputPaths = (
				"${PODS_PODFILE_DIR_PATH}/Podfile.lock",
				"${PODS_ROOT}/Manifest.lock",
			);
			name = "[CP] Check Pods Manifest.lock";
			outputFileListPaths = (
			);
			outputPaths = (
				"$(DERIVED_FILE_DIR)/Pods-RetrospectTests-checkManifestLockResult.txt",
			);
			runOnlyForDeploymentPostprocessing = 0;
			shellPath = /bin/sh;
			shellScript = "diff \"${PODS_PODFILE_DIR_PATH}/Podfile.lock\" \"${PODS_ROOT}/Manifest.lock\" > /dev/null\nif [ $? != 0 ] ; then\n    # print error to STDERR\n    echo \"error: The sandbox is not in sync with the Podfile.lock. Run 'pod install' or update your CocoaPods installation.\" >&2\n    exit 1\nfi\n# This output is used by Xcode 'outputs' to avoid re-running this script phase.\necho \"SUCCESS\" > \"${SCRIPT_OUTPUT_FILE_0}\"\n";
			showEnvVarsInLog = 0;
		};
		FA9399865F2EC957B3A98783 /* [CP] Check Pods Manifest.lock */ = {
			isa = PBXShellScriptBuildPhase;
			buildActionMask = 2147483647;
			files = (
			);
			inputFileListPaths = (
			);
			inputPaths = (
				"${PODS_PODFILE_DIR_PATH}/Podfile.lock",
				"${PODS_ROOT}/Manifest.lock",
			);
			name = "[CP] Check Pods Manifest.lock";
			outputFileListPaths = (
			);
			outputPaths = (
				"$(DERIVED_FILE_DIR)/Pods-Retrospect-checkManifestLockResult.txt",
			);
			runOnlyForDeploymentPostprocessing = 0;
			shellPath = /bin/sh;
			shellScript = "diff \"${PODS_PODFILE_DIR_PATH}/Podfile.lock\" \"${PODS_ROOT}/Manifest.lock\" > /dev/null\nif [ $? != 0 ] ; then\n    # print error to STDERR\n    echo \"error: The sandbox is not in sync with the Podfile.lock. Run 'pod install' or update your CocoaPods installation.\" >&2\n    exit 1\nfi\n# This output is used by Xcode 'outputs' to avoid re-running this script phase.\necho \"SUCCESS\" > \"${SCRIPT_OUTPUT_FILE_0}\"\n";
			showEnvVarsInLog = 0;
		};
/* End PBXShellScriptBuildPhase section */

/* Begin PBXSourcesBuildPhase section */
		9DEA74EC2BFFF9470027AB4A /* Sources */ = {
			isa = PBXSourcesBuildPhase;
			buildActionMask = 2147483647;
			files = (
				9D0696652C040F9600AB1098 /* SpotifyManager.swift in Sources */,
				9DEA74F42BFFF9470027AB4A /* RetrospectApp.swift in Sources */,
				9DEA75222C00EC260027AB4A /* Capsule.swift in Sources */,
				9DEA75242C0171470027AB4A /* SongSelect.swift in Sources */,
				9D0696672C04122D00AB1098 /* PhotoSelect.swift in Sources */,
				9DEA751E2C00E87A0027AB4A /* Collab.swift in Sources */,
				9DEA75202C00E8CA0027AB4A /* IconSelect.swift in Sources */,
			);
			runOnlyForDeploymentPostprocessing = 0;
		};
		9DEA74FC2BFFF9490027AB4A /* Sources */ = {
			isa = PBXSourcesBuildPhase;
			buildActionMask = 2147483647;
			files = (
				9DEA75052BFFF9490027AB4A /* RetrospectTests.swift in Sources */,
			);
			runOnlyForDeploymentPostprocessing = 0;
		};
		9DEA75062BFFF9490027AB4A /* Sources */ = {
			isa = PBXSourcesBuildPhase;
			buildActionMask = 2147483647;
			files = (
				9DEA750F2BFFF9490027AB4A /* RetrospectUITests.swift in Sources */,
				9DEA75112BFFF9490027AB4A /* RetrospectUITestsLaunchTests.swift in Sources */,
			);
			runOnlyForDeploymentPostprocessing = 0;
		};
/* End PBXSourcesBuildPhase section */

/* Begin PBXTargetDependency section */
		9DEA75022BFFF9490027AB4A /* PBXTargetDependency */ = {
			isa = PBXTargetDependency;
			target = 9DEA74EF2BFFF9470027AB4A /* Retrospect */;
			targetProxy = 9DEA75012BFFF9490027AB4A /* PBXContainerItemProxy */;
		};
		9DEA750C2BFFF9490027AB4A /* PBXTargetDependency */ = {
			isa = PBXTargetDependency;
			target = 9DEA74EF2BFFF9470027AB4A /* Retrospect */;
			targetProxy = 9DEA750B2BFFF9490027AB4A /* PBXContainerItemProxy */;
		};
/* End PBXTargetDependency section */

/* Begin XCBuildConfiguration section */
		9DEA75122BFFF9490027AB4A /* Debug */ = {
			isa = XCBuildConfiguration;
			buildSettings = {
				ALWAYS_SEARCH_USER_PATHS = NO;
				ASSETCATALOG_COMPILER_GENERATE_SWIFT_ASSET_SYMBOL_EXTENSIONS = YES;
				CLANG_ANALYZER_NONNULL = YES;
				CLANG_ANALYZER_NUMBER_OBJECT_CONVERSION = YES_AGGRESSIVE;
				CLANG_CXX_LANGUAGE_STANDARD = "gnu++20";
				CLANG_ENABLE_MODULES = YES;
				CLANG_ENABLE_OBJC_ARC = YES;
				CLANG_ENABLE_OBJC_WEAK = YES;
				CLANG_WARN_BLOCK_CAPTURE_AUTORELEASING = YES;
				CLANG_WARN_BOOL_CONVERSION = YES;
				CLANG_WARN_COMMA = YES;
				CLANG_WARN_CONSTANT_CONVERSION = YES;
				CLANG_WARN_DEPRECATED_OBJC_IMPLEMENTATIONS = YES;
				CLANG_WARN_DIRECT_OBJC_ISA_USAGE = YES_ERROR;
				CLANG_WARN_DOCUMENTATION_COMMENTS = YES;
				CLANG_WARN_EMPTY_BODY = YES;
				CLANG_WARN_ENUM_CONVERSION = YES;
				CLANG_WARN_INFINITE_RECURSION = YES;
				CLANG_WARN_INT_CONVERSION = YES;
				CLANG_WARN_NON_LITERAL_NULL_CONVERSION = YES;
				CLANG_WARN_OBJC_IMPLICIT_RETAIN_SELF = YES;
				CLANG_WARN_OBJC_LITERAL_CONVERSION = YES;
				CLANG_WARN_OBJC_ROOT_CLASS = YES_ERROR;
				CLANG_WARN_QUOTED_INCLUDE_IN_FRAMEWORK_HEADER = YES;
				CLANG_WARN_RANGE_LOOP_ANALYSIS = YES;
				CLANG_WARN_STRICT_PROTOTYPES = YES;
				CLANG_WARN_SUSPICIOUS_MOVE = YES;
				CLANG_WARN_UNGUARDED_AVAILABILITY = YES_AGGRESSIVE;
				CLANG_WARN_UNREACHABLE_CODE = YES;
				CLANG_WARN__DUPLICATE_METHOD_MATCH = YES;
				COPY_PHASE_STRIP = NO;
				DEBUG_INFORMATION_FORMAT = dwarf;
				ENABLE_STRICT_OBJC_MSGSEND = YES;
				ENABLE_TESTABILITY = YES;
				ENABLE_USER_SCRIPT_SANDBOXING = YES;
				GCC_C_LANGUAGE_STANDARD = gnu17;
				GCC_DYNAMIC_NO_PIC = NO;
				GCC_NO_COMMON_BLOCKS = YES;
				GCC_OPTIMIZATION_LEVEL = 0;
				GCC_PREPROCESSOR_DEFINITIONS = (
					"DEBUG=1",
					"$(inherited)",
				);
				GCC_WARN_64_TO_32_BIT_CONVERSION = YES;
				GCC_WARN_ABOUT_RETURN_TYPE = YES_ERROR;
				GCC_WARN_UNDECLARED_SELECTOR = YES;
				GCC_WARN_UNINITIALIZED_AUTOS = YES_AGGRESSIVE;
				GCC_WARN_UNUSED_FUNCTION = YES;
				GCC_WARN_UNUSED_VARIABLE = YES;
				IPHONEOS_DEPLOYMENT_TARGET = 17.2;
				LOCALIZATION_PREFERS_STRING_CATALOGS = YES;
				MTL_ENABLE_DEBUG_INFO = INCLUDE_SOURCE;
				MTL_FAST_MATH = YES;
				ONLY_ACTIVE_ARCH = YES;
				SDKROOT = iphoneos;
				SWIFT_ACTIVE_COMPILATION_CONDITIONS = "DEBUG $(inherited)";
				SWIFT_OPTIMIZATION_LEVEL = "-Onone";
			};
			name = Debug;
		};
		9DEA75132BFFF9490027AB4A /* Release */ = {
			isa = XCBuildConfiguration;
			buildSettings = {
				ALWAYS_SEARCH_USER_PATHS = NO;
				ASSETCATALOG_COMPILER_GENERATE_SWIFT_ASSET_SYMBOL_EXTENSIONS = YES;
				CLANG_ANALYZER_NONNULL = YES;
				CLANG_ANALYZER_NUMBER_OBJECT_CONVERSION = YES_AGGRESSIVE;
				CLANG_CXX_LANGUAGE_STANDARD = "gnu++20";
				CLANG_ENABLE_MODULES = YES;
				CLANG_ENABLE_OBJC_ARC = YES;
				CLANG_ENABLE_OBJC_WEAK = YES;
				CLANG_WARN_BLOCK_CAPTURE_AUTORELEASING = YES;
				CLANG_WARN_BOOL_CONVERSION = YES;
				CLANG_WARN_COMMA = YES;
				CLANG_WARN_CONSTANT_CONVERSION = YES;
				CLANG_WARN_DEPRECATED_OBJC_IMPLEMENTATIONS = YES;
				CLANG_WARN_DIRECT_OBJC_ISA_USAGE = YES_ERROR;
				CLANG_WARN_DOCUMENTATION_COMMENTS = YES;
				CLANG_WARN_EMPTY_BODY = YES;
				CLANG_WARN_ENUM_CONVERSION = YES;
				CLANG_WARN_INFINITE_RECURSION = YES;
				CLANG_WARN_INT_CONVERSION = YES;
				CLANG_WARN_NON_LITERAL_NULL_CONVERSION = YES;
				CLANG_WARN_OBJC_IMPLICIT_RETAIN_SELF = YES;
				CLANG_WARN_OBJC_LITERAL_CONVERSION = YES;
				CLANG_WARN_OBJC_ROOT_CLASS = YES_ERROR;
				CLANG_WARN_QUOTED_INCLUDE_IN_FRAMEWORK_HEADER = YES;
				CLANG_WARN_RANGE_LOOP_ANALYSIS = YES;
				CLANG_WARN_STRICT_PROTOTYPES = YES;
				CLANG_WARN_SUSPICIOUS_MOVE = YES;
				CLANG_WARN_UNGUARDED_AVAILABILITY = YES_AGGRESSIVE;
				CLANG_WARN_UNREACHABLE_CODE = YES;
				CLANG_WARN__DUPLICATE_METHOD_MATCH = YES;
				COPY_PHASE_STRIP = NO;
				DEBUG_INFORMATION_FORMAT = "dwarf-with-dsym";
				ENABLE_NS_ASSERTIONS = NO;
				ENABLE_STRICT_OBJC_MSGSEND = YES;
				ENABLE_USER_SCRIPT_SANDBOXING = YES;
				GCC_C_LANGUAGE_STANDARD = gnu17;
				GCC_NO_COMMON_BLOCKS = YES;
				GCC_WARN_64_TO_32_BIT_CONVERSION = YES;
				GCC_WARN_ABOUT_RETURN_TYPE = YES_ERROR;
				GCC_WARN_UNDECLARED_SELECTOR = YES;
				GCC_WARN_UNINITIALIZED_AUTOS = YES_AGGRESSIVE;
				GCC_WARN_UNUSED_FUNCTION = YES;
				GCC_WARN_UNUSED_VARIABLE = YES;
				IPHONEOS_DEPLOYMENT_TARGET = 17.2;
				LOCALIZATION_PREFERS_STRING_CATALOGS = YES;
				MTL_ENABLE_DEBUG_INFO = NO;
				MTL_FAST_MATH = YES;
				SDKROOT = iphoneos;
				SWIFT_COMPILATION_MODE = wholemodule;
				VALIDATE_PRODUCT = YES;
			};
			name = Release;
		};
		9DEA75152BFFF9490027AB4A /* Debug */ = {
			isa = XCBuildConfiguration;
			baseConfigurationReference = EF90D033CB818D3BED07713C /* Pods-Retrospect.debug.xcconfig */;
			buildSettings = {
				ASSETCATALOG_COMPILER_APPICON_NAME = AppIcon;
				ASSETCATALOG_COMPILER_GLOBAL_ACCENT_COLOR_NAME = AccentColor;
				CODE_SIGN_STYLE = Automatic;
				CURRENT_PROJECT_VERSION = 1;
				DEVELOPMENT_ASSET_PATHS = "\"Retrospect/Preview Content\"";
				DEVELOPMENT_TEAM = JF4JYD8QG8;
				ENABLE_PREVIEWS = YES;
				GENERATE_INFOPLIST_FILE = YES;
				INFOPLIST_KEY_UIApplicationSceneManifest_Generation = YES;
				INFOPLIST_KEY_UIApplicationSupportsIndirectInputEvents = YES;
				INFOPLIST_KEY_UILaunchScreen_Generation = YES;
				INFOPLIST_KEY_UISupportedInterfaceOrientations_iPad = "UIInterfaceOrientationPortrait UIInterfaceOrientationPortraitUpsideDown UIInterfaceOrientationLandscapeLeft UIInterfaceOrientationLandscapeRight";
				INFOPLIST_KEY_UISupportedInterfaceOrientations_iPhone = "UIInterfaceOrientationPortrait UIInterfaceOrientationLandscapeLeft UIInterfaceOrientationLandscapeRight";
				LD_RUNPATH_SEARCH_PATHS = (
					"$(inherited)",
					"@executable_path/Frameworks",
				);
				MARKETING_VERSION = 1.0;
				PRODUCT_BUNDLE_IDENTIFIER = com.andrewdurnford.Retrospect;
				PRODUCT_NAME = "$(TARGET_NAME)";
				SWIFT_EMIT_LOC_STRINGS = YES;
				SWIFT_VERSION = 5.0;
				TARGETED_DEVICE_FAMILY = "1,2";
			};
			name = Debug;
		};
		9DEA75162BFFF9490027AB4A /* Release */ = {
			isa = XCBuildConfiguration;
			baseConfigurationReference = 0583960E05FCB231483406D9 /* Pods-Retrospect.release.xcconfig */;
			buildSettings = {
				ASSETCATALOG_COMPILER_APPICON_NAME = AppIcon;
				ASSETCATALOG_COMPILER_GLOBAL_ACCENT_COLOR_NAME = AccentColor;
				CODE_SIGN_STYLE = Automatic;
				CURRENT_PROJECT_VERSION = 1;
				DEVELOPMENT_ASSET_PATHS = "\"Retrospect/Preview Content\"";
				DEVELOPMENT_TEAM = JF4JYD8QG8;
				ENABLE_PREVIEWS = YES;
				GENERATE_INFOPLIST_FILE = YES;
				INFOPLIST_KEY_UIApplicationSceneManifest_Generation = YES;
				INFOPLIST_KEY_UIApplicationSupportsIndirectInputEvents = YES;
				INFOPLIST_KEY_UILaunchScreen_Generation = YES;
				INFOPLIST_KEY_UISupportedInterfaceOrientations_iPad = "UIInterfaceOrientationPortrait UIInterfaceOrientationPortraitUpsideDown UIInterfaceOrientationLandscapeLeft UIInterfaceOrientationLandscapeRight";
				INFOPLIST_KEY_UISupportedInterfaceOrientations_iPhone = "UIInterfaceOrientationPortrait UIInterfaceOrientationLandscapeLeft UIInterfaceOrientationLandscapeRight";
				LD_RUNPATH_SEARCH_PATHS = (
					"$(inherited)",
					"@executable_path/Frameworks",
				);
				MARKETING_VERSION = 1.0;
				PRODUCT_BUNDLE_IDENTIFIER = com.andrewdurnford.Retrospect;
				PRODUCT_NAME = "$(TARGET_NAME)";
				SWIFT_EMIT_LOC_STRINGS = YES;
				SWIFT_VERSION = 5.0;
				TARGETED_DEVICE_FAMILY = "1,2";
			};
			name = Release;
		};
		9DEA75182BFFF9490027AB4A /* Debug */ = {
			isa = XCBuildConfiguration;
			baseConfigurationReference = 5E842693AE67BD5FC7141D19 /* Pods-RetrospectTests.debug.xcconfig */;
			buildSettings = {
				ALWAYS_EMBED_SWIFT_STANDARD_LIBRARIES = YES;
				BUNDLE_LOADER = "$(TEST_HOST)";
				CODE_SIGN_STYLE = Automatic;
				CURRENT_PROJECT_VERSION = 1;
				DEVELOPMENT_TEAM = JF4JYD8QG8;
				GENERATE_INFOPLIST_FILE = YES;
				IPHONEOS_DEPLOYMENT_TARGET = 17.2;
				MARKETING_VERSION = 1.0;
				PRODUCT_BUNDLE_IDENTIFIER = com.andrewdurnford.RetrospectTests;
				PRODUCT_NAME = "$(TARGET_NAME)";
				SWIFT_EMIT_LOC_STRINGS = NO;
				SWIFT_VERSION = 5.0;
				TARGETED_DEVICE_FAMILY = "1,2";
				TEST_HOST = "$(BUILT_PRODUCTS_DIR)/Retrospect.app/$(BUNDLE_EXECUTABLE_FOLDER_PATH)/Retrospect";
			};
			name = Debug;
		};
		9DEA75192BFFF9490027AB4A /* Release */ = {
			isa = XCBuildConfiguration;
			baseConfigurationReference = 7E6CCDBE41B78BF4C5DD3A1B /* Pods-RetrospectTests.release.xcconfig */;
			buildSettings = {
				ALWAYS_EMBED_SWIFT_STANDARD_LIBRARIES = YES;
				BUNDLE_LOADER = "$(TEST_HOST)";
				CODE_SIGN_STYLE = Automatic;
				CURRENT_PROJECT_VERSION = 1;
				DEVELOPMENT_TEAM = JF4JYD8QG8;
				GENERATE_INFOPLIST_FILE = YES;
				IPHONEOS_DEPLOYMENT_TARGET = 17.2;
				MARKETING_VERSION = 1.0;
				PRODUCT_BUNDLE_IDENTIFIER = com.andrewdurnford.RetrospectTests;
				PRODUCT_NAME = "$(TARGET_NAME)";
				SWIFT_EMIT_LOC_STRINGS = NO;
				SWIFT_VERSION = 5.0;
				TARGETED_DEVICE_FAMILY = "1,2";
				TEST_HOST = "$(BUILT_PRODUCTS_DIR)/Retrospect.app/$(BUNDLE_EXECUTABLE_FOLDER_PATH)/Retrospect";
			};
			name = Release;
		};
		9DEA751B2BFFF9490027AB4A /* Debug */ = {
			isa = XCBuildConfiguration;
			baseConfigurationReference = F330EAF9F15CC79075C10147 /* Pods-Retrospect-RetrospectUITests.debug.xcconfig */;
			buildSettings = {
				ALWAYS_EMBED_SWIFT_STANDARD_LIBRARIES = YES;
				CODE_SIGN_STYLE = Automatic;
				CURRENT_PROJECT_VERSION = 1;
				DEVELOPMENT_TEAM = JF4JYD8QG8;
				GENERATE_INFOPLIST_FILE = YES;
				MARKETING_VERSION = 1.0;
				PRODUCT_BUNDLE_IDENTIFIER = com.andrewdurnford.RetrospectUITests;
				PRODUCT_NAME = "$(TARGET_NAME)";
				SWIFT_EMIT_LOC_STRINGS = NO;
				SWIFT_VERSION = 5.0;
				TARGETED_DEVICE_FAMILY = "1,2";
				TEST_TARGET_NAME = Retrospect;
			};
			name = Debug;
		};
		9DEA751C2BFFF9490027AB4A /* Release */ = {
			isa = XCBuildConfiguration;
			baseConfigurationReference = 9398C53C691401933E04ABCE /* Pods-Retrospect-RetrospectUITests.release.xcconfig */;
			buildSettings = {
				ALWAYS_EMBED_SWIFT_STANDARD_LIBRARIES = YES;
				CODE_SIGN_STYLE = Automatic;
				CURRENT_PROJECT_VERSION = 1;
				DEVELOPMENT_TEAM = JF4JYD8QG8;
				GENERATE_INFOPLIST_FILE = YES;
				MARKETING_VERSION = 1.0;
				PRODUCT_BUNDLE_IDENTIFIER = com.andrewdurnford.RetrospectUITests;
				PRODUCT_NAME = "$(TARGET_NAME)";
				SWIFT_EMIT_LOC_STRINGS = NO;
				SWIFT_VERSION = 5.0;
				TARGETED_DEVICE_FAMILY = "1,2";
				TEST_TARGET_NAME = Retrospect;
			};
			name = Release;
		};
/* End XCBuildConfiguration section */

/* Begin XCConfigurationList section */
		9DEA74EB2BFFF9470027AB4A /* Build configuration list for PBXProject "Retrospect" */ = {
			isa = XCConfigurationList;
			buildConfigurations = (
				9DEA75122BFFF9490027AB4A /* Debug */,
				9DEA75132BFFF9490027AB4A /* Release */,
			);
			defaultConfigurationIsVisible = 0;
			defaultConfigurationName = Release;
		};
		9DEA75142BFFF9490027AB4A /* Build configuration list for PBXNativeTarget "Retrospect" */ = {
			isa = XCConfigurationList;
			buildConfigurations = (
				9DEA75152BFFF9490027AB4A /* Debug */,
				9DEA75162BFFF9490027AB4A /* Release */,
			);
			defaultConfigurationIsVisible = 0;
			defaultConfigurationName = Release;
		};
		9DEA75172BFFF9490027AB4A /* Build configuration list for PBXNativeTarget "RetrospectTests" */ = {
			isa = XCConfigurationList;
			buildConfigurations = (
				9DEA75182BFFF9490027AB4A /* Debug */,
				9DEA75192BFFF9490027AB4A /* Release */,
			);
			defaultConfigurationIsVisible = 0;
			defaultConfigurationName = Release;
		};
		9DEA751A2BFFF9490027AB4A /* Build configuration list for PBXNativeTarget "RetrospectUITests" */ = {
			isa = XCConfigurationList;
			buildConfigurations = (
				9DEA751B2BFFF9490027AB4A /* Debug */,
				9DEA751C2BFFF9490027AB4A /* Release */,
			);
			defaultConfigurationIsVisible = 0;
			defaultConfigurationName = Release;
		};
/* End XCConfigurationList section */

/* Begin XCRemoteSwiftPackageReference section */
		9D0696612C03FBA800AB1098 /* XCRemoteSwiftPackageReference "SpotifyAPI" */ = {
			isa = XCRemoteSwiftPackageReference;
			repositoryURL = "https://github.com/Peter-Schorn/SpotifyAPI";
			requirement = {
				kind = upToNextMajorVersion;
				minimumVersion = 3.0.1;
			};
		};
/* End XCRemoteSwiftPackageReference section */

/* Begin XCSwiftPackageProductDependency section */
		9D0696622C03FBA800AB1098 /* SpotifyAPI */ = {
			isa = XCSwiftPackageProductDependency;
			package = 9D0696612C03FBA800AB1098 /* XCRemoteSwiftPackageReference "SpotifyAPI" */;
			productName = SpotifyAPI;
		};
/* End XCSwiftPackageProductDependency section */
	};
	rootObject = 9DEA74E82BFFF9470027AB4A /* Project object */;
}
